
Microsoft Visual Studio Solution File, Format Version 12.00
# Visual Studio Version 17
VisualStudioVersion = 17.10.35122.118
MinimumVisualStudioVersion = 10.0.40219.1
Project("{8BC9CEB8-8B4A-11D0-8D11-00A0C91BC942}") = "Server", "Server\Server.vcxproj", "{542F16F7-6D75-4B0D-97BC-9B5C8FDF5DB7}"
EndProject
Project("{8BC9CEB8-8B4A-11D0-8D11-00A0C91BC942}") = "Client", "Client\Client.vcxproj", "{8430C335-09EB-427D-BD4E-B45E9F2B357E}"
EndProject
Project("{9A19103F-16F7-4668-BE54-9A1E7A4F7556}") = "NyaIM", "NyaIM\NyaIM.csproj", "{EF4838AD-797A-456A-9FD7-75CCD12D8838}"
EndProject
Global
	GlobalSection(SolutionConfigurationPlatforms) = preSolution
		Debug|Any CPU = Debug|Any CPU
		Debug|ARM = Debug|ARM
		Debug|ARM64 = Debug|ARM64
		Debug|x64 = Debug|x64
		Debug|x86 = Debug|x86
		Release|Any CPU = Release|Any CPU
		Release|ARM = Release|ARM
		Release|ARM64 = Release|ARM64
		Release|x64 = Release|x64
		Release|x86 = Release|x86
	EndGlobalSection
	GlobalSection(ProjectConfigurationPlatforms) = postSolution
		{542F16F7-6D75-4B0D-97BC-9B5C8FDF5DB7}.Debug|Any CPU.ActiveCfg = Debug|x64
		{542F16F7-6D75-4B0D-97BC-9B5C8FDF5DB7}.Debug|Any CPU.Build.0 = Debug|x64
		{542F16F7-6D75-4B0D-97BC-9B5C8FDF5DB7}.Debug|ARM.ActiveCfg = Debug|x64
		{542F16F7-6D75-4B0D-97BC-9B5C8FDF5DB7}.Debug|ARM.Build.0 = Debug|x64
		{542F16F7-6D75-4B0D-97BC-9B5C8FDF5DB7}.Debug|ARM64.ActiveCfg = Debug|x64
		{542F16F7-6D75-4B0D-97BC-9B5C8FDF5DB7}.Debug|ARM64.Build.0 = Debug|x64
		{542F16F7-6D75-4B0D-97BC-9B5C8FDF5DB7}.Debug|x64.ActiveCfg = Debug|x64
		{542F16F7-6D75-4B0D-97BC-9B5C8FDF5DB7}.Debug|x64.Build.0 = Debug|x64
		{542F16F7-6D75-4B0D-97BC-9B5C8FDF5DB7}.Debug|x86.ActiveCfg = Debug|Win32
		{542F16F7-6D75-4B0D-97BC-9B5C8FDF5DB7}.Debug|x86.Build.0 = Debug|Win32
		{542F16F7-6D75-4B0D-97BC-9B5C8FDF5DB7}.Release|Any CPU.ActiveCfg = Release|x64
		{542F16F7-6D75-4B0D-97BC-9B5C8FDF5DB7}.Release|Any CPU.Build.0 = Release|x64
		{542F16F7-6D75-4B0D-97BC-9B5C8FDF5DB7}.Release|ARM.ActiveCfg = Release|x64
		{542F16F7-6D75-4B0D-97BC-9B5C8FDF5DB7}.Release|ARM.Build.0 = Release|x64
		{542F16F7-6D75-4B0D-97BC-9B5C8FDF5DB7}.Release|ARM64.ActiveCfg = Release|x64
		{542F16F7-6D75-4B0D-97BC-9B5C8FDF5DB7}.Release|ARM64.Build.0 = Release|x64
		{542F16F7-6D75-4B0D-97BC-9B5C8FDF5DB7}.Release|x64.ActiveCfg = Release|x64
		{542F16F7-6D75-4B0D-97BC-9B5C8FDF5DB7}.Release|x64.Build.0 = Release|x64
		{542F16F7-6D75-4B0D-97BC-9B5C8FDF5DB7}.Release|x86.ActiveCfg = Release|Win32
		{542F16F7-6D75-4B0D-97BC-9B5C8FDF5DB7}.Release|x86.Build.0 = Release|Win32
		{8430C335-09EB-427D-BD4E-B45E9F2B357E}.Debug|Any CPU.ActiveCfg = Debug|x64
		{8430C335-09EB-427D-BD4E-B45E9F2B357E}.Debug|Any CPU.Build.0 = Debug|x64
		{8430C335-09EB-427D-BD4E-B45E9F2B357E}.Debug|ARM.ActiveCfg = Debug|x64
		{8430C335-09EB-427D-BD4E-B45E9F2B357E}.Debug|ARM.Build.0 = Debug|x64
		{8430C335-09EB-427D-BD4E-B45E9F2B357E}.Debug|ARM64.ActiveCfg = Debug|x64
		{8430C335-09EB-427D-BD4E-B45E9F2B357E}.Debug|ARM64.Build.0 = Debug|x64
		{8430C335-09EB-427D-BD4E-B45E9F2B357E}.Debug|x64.ActiveCfg = Debug|x64
		{8430C335-09EB-427D-BD4E-B45E9F2B357E}.Debug|x64.Build.0 = Debug|x64
		{8430C335-09EB-427D-BD4E-B45E9F2B357E}.Debug|x86.ActiveCfg = Debug|Win32
		{8430C335-09EB-427D-BD4E-B45E9F2B357E}.Debug|x86.Build.0 = Debug|Win32
		{8430C335-09EB-427D-BD4E-B45E9F2B357E}.Release|Any CPU.ActiveCfg = Release|x64
		{8430C335-09EB-427D-BD4E-B45E9F2B357E}.Release|Any CPU.Build.0 = Release|x64
		{8430C335-09EB-427D-BD4E-B45E9F2B357E}.Release|ARM.ActiveCfg = Release|x64
		{8430C335-09EB-427D-BD4E-B45E9F2B357E}.Release|ARM.Build.0 = Release|x64
		{8430C335-09EB-427D-BD4E-B45E9F2B357E}.Release|ARM64.ActiveCfg = Release|x64
		{8430C335-09EB-427D-BD4E-B45E9F2B357E}.Release|ARM64.Build.0 = Release|x64
		{8430C335-09EB-427D-BD4E-B45E9F2B357E}.Release|x64.ActiveCfg = Release|x64
		{8430C335-09EB-427D-BD4E-B45E9F2B357E}.Release|x64.Build.0 = Release|x64
		{8430C335-09EB-427D-BD4E-B45E9F2B357E}.Release|x86.ActiveCfg = Release|Win32
		{8430C335-09EB-427D-BD4E-B45E9F2B357E}.Release|x86.Build.0 = Release|Win32
		{EF4838AD-797A-456A-9FD7-75CCD12D8838}.Debug|Any CPU.ActiveCfg = Debug|Any CPU
		{EF4838AD-797A-456A-9FD7-75CCD12D8838}.Debug|Any CPU.Build.0 = Debug|Any CPU
		{EF4838AD-797A-456A-9FD7-75CCD12D8838}.Debug|ARM.ActiveCfg = Debug|Any CPU
		{EF4838AD-797A-456A-9FD7-75CCD12D8838}.Debug|ARM.Build.0 = Debug|Any CPU
		{EF4838AD-797A-456A-9FD7-75CCD12D8838}.Debug|ARM64.ActiveCfg = Debug|Any CPU
		{EF4838AD-797A-456A-9FD7-75CCD12D8838}.Debug|ARM64.Build.0 = Debug|Any CPU
		{EF4838AD-797A-456A-9FD7-75CCD12D8838}.Debug|x64.ActiveCfg = Debug|Any CPU
		{EF4838AD-797A-456A-9FD7-75CCD12D8838}.Debug|x64.Build.0 = Debug|Any CPU
		{EF4838AD-797A-456A-9FD7-75CCD12D8838}.Debug|x86.ActiveCfg = Debug|Any CPU
		{EF4838AD-797A-456A-9FD7-75CCD12D8838}.Debug|x86.Build.0 = Debug|Any CPU
		{EF4838AD-797A-456A-9FD7-75CCD12D8838}.Release|Any CPU.ActiveCfg = Release|Any CPU
		{EF4838AD-797A-456A-9FD7-75CCD12D8838}.Release|Any CPU.Build.0 = Release|Any CPU
		{EF4838AD-797A-456A-9FD7-75CCD12D8838}.Release|ARM.ActiveCfg = Release|Any CPU
		{EF4838AD-797A-456A-9FD7-75CCD12D8838}.Release|ARM.Build.0 = Release|Any CPU
		{EF4838AD-797A-456A-9FD7-75CCD12D8838}.Release|ARM64.ActiveCfg = Release|Any CPU
		{EF4838AD-797A-456A-9FD7-75CCD12D8838}.Release|ARM64.Build.0 = Release|Any CPU
		{EF4838AD-797A-456A-9FD7-75CCD12D8838}.Release|x64.ActiveCfg = Release|Any CPU
		{EF4838AD-797A-456A-9FD7-75CCD12D8838}.Release|x64.Build.0 = Release|Any CPU
		{EF4838AD-797A-456A-9FD7-75CCD12D8838}.Release|x86.ActiveCfg = Release|Any CPU
		{EF4838AD-797A-456A-9FD7-75CCD12D8838}.Release|x86.Build.0 = Release|Any CPU
	EndGlobalSection
	GlobalSection(SolutionProperties) = preSolution
		HideSolutionNode = FALSE
	EndGlobalSection
	GlobalSection(ExtensibilityGlobals) = postSolution
		SolutionGuid = {C69D77FC-0F31-4D08-B487-240D11E64A21}
	EndGlobalSection
EndGlobal
