<?xml version="1.0" encoding="utf-8"?>
<Project ToolsVersion="4.0" xmlns="http://schemas.microsoft.com/developer/msbuild/2003">
  <ItemGroup>
    <Filter Include="Core">
      <UniqueIdentifier>{8d2c2122-aa7c-4a5d-85d4-8505cd21adf5}</UniqueIdentifier>
    </Filter>
    <Filter Include="Common">
      <UniqueIdentifier>{e0531292-4634-4f6e-94cc-05e22c731405}</UniqueIdentifier>
    </Filter>
    <Filter Include="Platform">
      <UniqueIdentifier>{ca65c36f-cbf1-41b3-a585-93b371bce0f9}</UniqueIdentifier>
    </Filter>
    <Filter Include="Platform\Windows">
      <UniqueIdentifier>{266ff4b4-5a03-4b62-b3b3-f3e6fce4352f}</UniqueIdentifier>
    </Filter>
  </ItemGroup>
  <ItemGroup>
    <ClInclude Include="..\..\src\pch.h" />
    <ClInclude Include="..\..\src\Common\UserModel.h">
      <Filter>Common</Filter>
    </ClInclude>
    <ClInclude Include="..\..\src\Common\LoginModel.h">
      <Filter>Common</Filter>
    </ClInclude>
    <ClInclude Include="..\..\src\Common\NyaIMType.h">
      <Filter>Common</Filter>
    </ClInclude>
    <ClInclude Include="..\..\src\Server\Core\ConnectionHandler.h">
      <Filter>Core</Filter>
    </ClInclude>
    <ClInclude Include="..\..\src\Server\Core\DBConnection.h">
      <Filter>Core</Filter>
    </ClInclude>
    <ClInclude Include="..\..\src\Server\Core\ServerCore.h">
      <Filter>Core</Filter>
    </ClInclude>
    <ClInclude Include="..\..\src\Server\Core\ServerData.h">
      <Filter>Core</Filter>
    </ClInclude>
    <ClInclude Include="..\..\src\Server\Core\ServerError.h">
      <Filter>Core</Filter>
    </ClInclude>
    <ClInclude Include="..\..\src\Server\Core\ServerConfig.h">
      <Filter>Core</Filter>
    </ClInclude>
    <ClInclude Include="..\..\src\Platform\Windows\WindowsServerCore.h">
      <Filter>Platform\Windows</Filter>
    </ClInclude>
    <ClInclude Include="..\..\src\Server\Core\ServerLog.h">
      <Filter>Core</Filter>
    </ClInclude>
    <ClInclude Include="..\..\src\Platform\Windows\WindowsUtility.h">
      <Filter>Platform\Windows</Filter>
    </ClInclude>
  </ItemGroup>
  <ItemGroup>
    <ClCompile Include="..\..\src\pch.cpp" />
    <ClCompile Include="..\..\src\Server\Core\DBConnection.cpp">
      <Filter>Core</Filter>
    </ClCompile>
    <ClCompile Include="..\..\src\Server\Core\main.cpp">
      <Filter>Core</Filter>
    </ClCompile>
    <ClCompile Include="..\..\src\Server\Core\ServerCore.cpp">
      <Filter>Core</Filter>
    </ClCompile>
    <ClCompile Include="..\..\src\Server\Core\ServerData.cpp">
      <Filter>Core</Filter>
    </ClCompile>
    <ClCompile Include="..\..\src\Server\Core\ServerConfig.cpp">
      <Filter>Core</Filter>
    </ClCompile>
    <ClCompile Include="..\..\src\Platform\Windows\WindowsServerCore.cpp">
      <Filter>Platform\Windows</Filter>
    </ClCompile>
    <ClCompile Include="..\..\src\Server\Core\ServerLog.cpp">
      <Filter>Core</Filter>
    </ClCompile>
    <ClCompile Include="..\..\src\Platform\Windows\WindowsUtility.cpp">
      <Filter>Platform\Windows</Filter>
    </ClCompile>
  </ItemGroup>
</Project>